
Microsoft Visual Studio Solution File, Format Version 12.00
# Visual Studio Version 17
VisualStudioVersion = 17.9.34714.143
MinimumVisualStudioVersion = 10.0.40219.1
Project("{FAE04EC0-301F-11D3-BF4B-00C04F79EFBC}") = "RefLoader", "RefLoader\RefLoader.csproj", "{CB8E866C-C3B2-4A00-A563-837838E06DDB}"
EndProject
Global
	GlobalSection(SolutionConfigurationPlatforms) = preSolution
		Debug|Any CPU = Debug|Any CPU
		Release|Any CPU = Release|Any CPU
	EndGlobalSection
	GlobalSection(ProjectConfigurationPlatforms) = postSolution
		{CB8E866C-C3B2-4A00-A563-837838E06DDB}.Debug|Any CPU.ActiveCfg = Debug|Any CPU
		{CB8E866C-C3B2-4A00-A563-837838E06DDB}.Debug|Any CPU.Build.0 = Debug|Any CPU
		{CB8E866C-C3B2-4A00-A563-837838E06DDB}.Release|Any CPU.ActiveCfg = Release|Any CPU
		{CB8E866C-C3B2-4A00-A563-837838E06DDB}.Release|Any CPU.Build.0 = Release|Any CPU
	EndGlobalSection
	GlobalSection(SolutionProperties) = preSolution
		HideSolutionNode = FALSE
	EndGlobalSection
	GlobalSection(ExtensibilityGlobals) = postSolution
		SolutionGuid = {7BDF3E22-C7A8-4FE5-ABFF-2A0F6BB82447}
	EndGlobalSection
EndGlobal
